
Microsoft Visual Studio Solution File, Format Version 12.00
# Visual Studio 15
Project("{FAE04EC0-301F-11D3-BF4B-00C04F79EFBC}") = "Assembly-CSharp", "Assembly-CSharp.csproj", "{BBF6F0C4-0E58-AF1E-93A7-AFD93D6FE7AA}"
EndProject
Global
	GlobalSection(SolutionConfigurationPlatforms) = preSolution
		Debug|Any CPU = Debug|Any CPU
		Release|Any CPU = Release|Any CPU
	EndGlobalSection
	GlobalSection(ProjectConfigurationPlatforms) = postSolution
		{BBF6F0C4-0E58-AF1E-93A7-AFD93D6FE7AA}.Debug|Any CPU.ActiveCfg = Debug|Any CPU
		{BBF6F0C4-0E58-AF1E-93A7-AFD93D6FE7AA}.Debug|Any CPU.Build.0 = Debug|Any CPU
		{BBF6F0C4-0E58-AF1E-93A7-AFD93D6FE7AA}.Release|Any CPU.ActiveCfg = Release|Any CPU
		{BBF6F0C4-0E58-AF1E-93A7-AFD93D6FE7AA}.Release|Any CPU.Build.0 = Release|Any CPU
	EndGlobalSection
	GlobalSection(SolutionProperties) = preSolution
		HideSolutionNode = FALSE
	EndGlobalSection
EndGlobal
